
Microsoft Visual Studio Solution File, Format Version 12.00
# Visual Studio Version 16
VisualStudioVersion = 25.0.1706.0
MinimumVisualStudioVersion = 10.0.40219.1
Project("{FAE04EC0-301F-11D3-BF4B-00C04F79EFBC}") = "character-interface", "character-interface\character-interface.csproj", "{F1C419E3-4970-4BD9-83D6-8975FC1EF7D0}"
EndProject
Global
	GlobalSection(SolutionConfigurationPlatforms) = preSolution
		Debug|Any CPU = Debug|Any CPU
		Release|Any CPU = Release|Any CPU
	EndGlobalSection
	GlobalSection(ProjectConfigurationPlatforms) = postSolution
		{F1C419E3-4970-4BD9-83D6-8975FC1EF7D0}.Debug|Any CPU.ActiveCfg = Debug|Any CPU
		{F1C419E3-4970-4BD9-83D6-8975FC1EF7D0}.Debug|Any CPU.Build.0 = Debug|Any CPU
		{F1C419E3-4970-4BD9-83D6-8975FC1EF7D0}.Release|Any CPU.ActiveCfg = Release|Any CPU
		{F1C419E3-4970-4BD9-83D6-8975FC1EF7D0}.Release|Any CPU.Build.0 = Release|Any CPU
	EndGlobalSection
	GlobalSection(SolutionProperties) = preSolution
		HideSolutionNode = FALSE
	EndGlobalSection
	GlobalSection(ExtensibilityGlobals) = postSolution
		SolutionGuid = {CD4D6218-0B12-47B2-B59D-6A2FAF057F0E}
	EndGlobalSection
EndGlobal
